// !$*UTF8*$!
{
	archiveVersion = 1;
	classes = {
	};
	objectVersion = 50;
	objects = {

/* Begin PBXBuildFile section */
		61092208271C36C6005B9436 /* AppDelegate.swift in Sources */ = {isa = PBXBuildFile; fileRef = 61092207271C36C6005B9436 /* AppDelegate.swift */; };
		6109220A271C36C6005B9436 /* SceneDelegate.swift in Sources */ = {isa = PBXBuildFile; fileRef = 61092209271C36C6005B9436 /* SceneDelegate.swift */; };
		6109220C271C36C6005B9436 /* ViewController.swift in Sources */ = {isa = PBXBuildFile; fileRef = 6109220B271C36C6005B9436 /* ViewController.swift */; };
		6109220F271C36C6005B9436 /* Main.storyboard in Resources */ = {isa = PBXBuildFile; fileRef = 6109220D271C36C6005B9436 /* Main.storyboard */; };
		61092211271C36C8005B9436 /* Assets.xcassets in Resources */ = {isa = PBXBuildFile; fileRef = 61092210271C36C8005B9436 /* Assets.xcassets */; };
		61092214271C36C8005B9436 /* LaunchScreen.storyboard in Resources */ = {isa = PBXBuildFile; fileRef = 61092212271C36C8005B9436 /* LaunchScreen.storyboard */; };
		6109221F271C36C8005B9436 /* EventrTests.swift in Sources */ = {isa = PBXBuildFile; fileRef = 6109221E271C36C8005B9436 /* EventrTests.swift */; };
		6109222A271C36C8005B9436 /* EventrUITests.swift in Sources */ = {isa = PBXBuildFile; fileRef = 61092229271C36C8005B9436 /* EventrUITests.swift */; };
/* End PBXBuildFile section */

/* Begin PBXContainerItemProxy section */
		6109221B271C36C8005B9436 /* PBXContainerItemProxy */ = {
			isa = PBXContainerItemProxy;
			containerPortal = 610921FC271C36C5005B9436 /* Project object */;
			proxyType = 1;
			remoteGlobalIDString = 61092203271C36C6005B9436;
			remoteInfo = Eventr;
		};
		61092226271C36C8005B9436 /* PBXContainerItemProxy */ = {
			isa = PBXContainerItemProxy;
			containerPortal = 610921FC271C36C5005B9436 /* Project object */;
			proxyType = 1;
			remoteGlobalIDString = 61092203271C36C6005B9436;
			remoteInfo = Eventr;
		};
/* End PBXContainerItemProxy section */

/* Begin PBXFileReference section */
		61092204271C36C6005B9436 /* Eventr.app */ = {isa = PBXFileReference; explicitFileType = wrapper.application; includeInIndex = 0; path = Eventr.app; sourceTree = BUILT_PRODUCTS_DIR; };
		61092207271C36C6005B9436 /* AppDelegate.swift */ = {isa = PBXFileReference; lastKnownFileType = sourcecode.swift; path = AppDelegate.swift; sourceTree = "<group>"; };
		61092209271C36C6005B9436 /* SceneDelegate.swift */ = {isa = PBXFileReference; lastKnownFileType = sourcecode.swift; path = SceneDelegate.swift; sourceTree = "<group>"; };
		6109220B271C36C6005B9436 /* ViewController.swift */ = {isa = PBXFileReference; lastKnownFileType = sourcecode.swift; path = ViewController.swift; sourceTree = "<group>"; };
		6109220E271C36C6005B9436 /* Base */ = {isa = PBXFileReference; lastKnownFileType = file.storyboard; name = Base; path = Base.lproj/Main.storyboard; sourceTree = "<group>"; };
		61092210271C36C8005B9436 /* Assets.xcassets */ = {isa = PBXFileReference; lastKnownFileType = folder.assetcatalog; path = Assets.xcassets; sourceTree = "<group>"; };
		61092213271C36C8005B9436 /* Base */ = {isa = PBXFileReference; lastKnownFileType = file.storyboard; name = Base; path = Base.lproj/LaunchScreen.storyboard; sourceTree = "<group>"; };
		61092215271C36C8005B9436 /* Info.plist */ = {isa = PBXFileReference; lastKnownFileType = text.plist.xml; path = Info.plist; sourceTree = "<group>"; };
		6109221A271C36C8005B9436 /* EventrTests.xctest */ = {isa = PBXFileReference; explicitFileType = wrapper.cfbundle; includeInIndex = 0; path = EventrTests.xctest; sourceTree = BUILT_PRODUCTS_DIR; };
		6109221E271C36C8005B9436 /* EventrTests.swift */ = {isa = PBXFileReference; lastKnownFileType = sourcecode.swift; path = EventrTests.swift; sourceTree = "<group>"; };
		61092220271C36C8005B9436 /* Info.plist */ = {isa = PBXFileReference; lastKnownFileType = text.plist.xml; path = Info.plist; sourceTree = "<group>"; };
		61092225271C36C8005B9436 /* EventrUITests.xctest */ = {isa = PBXFileReference; explicitFileType = wrapper.cfbundle; includeInIndex = 0; path = EventrUITests.xctest; sourceTree = BUILT_PRODUCTS_DIR; };
		61092229271C36C8005B9436 /* EventrUITests.swift */ = {isa = PBXFileReference; lastKnownFileType = sourcecode.swift; path = EventrUITests.swift; sourceTree = "<group>"; };
		6109222B271C36C8005B9436 /* Info.plist */ = {isa = PBXFileReference; lastKnownFileType = text.plist.xml; path = Info.plist; sourceTree = "<group>"; };
/* End PBXFileReference section */

/* Begin PBXFrameworksBuildPhase section */
		61092201271C36C6005B9436 /* Frameworks */ = {
			isa = PBXFrameworksBuildPhase;
			buildActionMask = 2147483647;
			files = (
			);
			runOnlyForDeploymentPostprocessing = 0;
		};
		61092217271C36C8005B9436 /* Frameworks */ = {
			isa = PBXFrameworksBuildPhase;
			buildActionMask = 2147483647;
			files = (
			);
			runOnlyForDeploymentPostprocessing = 0;
		};
		61092222271C36C8005B9436 /* Frameworks */ = {
			isa = PBXFrameworksBuildPhase;
			buildActionMask = 2147483647;
			files = (
			);
			runOnlyForDeploymentPostprocessing = 0;
		};
/* End PBXFrameworksBuildPhase section */

/* Begin PBXGroup section */
		610921FB271C36C5005B9436 = {
			isa = PBXGroup;
			children = (
				61092206271C36C6005B9436 /* Eventr */,
				6109221D271C36C8005B9436 /* EventrTests */,
				61092228271C36C8005B9436 /* EventrUITests */,
				61092205271C36C6005B9436 /* Products */,
			);
			sourceTree = "<group>";
		};
		61092205271C36C6005B9436 /* Products */ = {
			isa = PBXGroup;
			children = (
				61092204271C36C6005B9436 /* Eventr.app */,
				6109221A271C36C8005B9436 /* EventrTests.xctest */,
				61092225271C36C8005B9436 /* EventrUITests.xctest */,
			);
			name = Products;
			sourceTree = "<group>";
		};
		61092206271C36C6005B9436 /* Eventr */ = {
			isa = PBXGroup;
			children = (
				61092207271C36C6005B9436 /* AppDelegate.swift */,
				61092209271C36C6005B9436 /* SceneDelegate.swift */,
				6109220B271C36C6005B9436 /* ViewController.swift */,
				6109220D271C36C6005B9436 /* Main.storyboard */,
				61092210271C36C8005B9436 /* Assets.xcassets */,
				61092212271C36C8005B9436 /* LaunchScreen.storyboard */,
				61092215271C36C8005B9436 /* Info.plist */,
			);
			path = Eventr;
			sourceTree = "<group>";
		};
		6109221D271C36C8005B9436 /* EventrTests */ = {
			isa = PBXGroup;
			children = (
				6109221E271C36C8005B9436 /* EventrTests.swift */,
				61092220271C36C8005B9436 /* Info.plist */,
			);
			path = EventrTests;
			sourceTree = "<group>";
		};
		61092228271C36C8005B9436 /* EventrUITests */ = {
			isa = PBXGroup;
			children = (
				61092229271C36C8005B9436 /* EventrUITests.swift */,
				6109222B271C36C8005B9436 /* Info.plist */,
			);
			path = EventrUITests;
			sourceTree = "<group>";
		};
/* End PBXGroup section */

/* Begin PBXNativeTarget section */
		61092203271C36C6005B9436 /* Eventr */ = {
			isa = PBXNativeTarget;
			buildConfigurationList = 6109222E271C36C8005B9436 /* Build configuration list for PBXNativeTarget "Eventr" */;
			buildPhases = (
				61092200271C36C6005B9436 /* Sources */,
				61092201271C36C6005B9436 /* Frameworks */,
				61092202271C36C6005B9436 /* Resources */,
			);
			buildRules = (
			);
			dependencies = (
			);
			name = Eventr;
			productName = Eventr;
			productReference = 61092204271C36C6005B9436 /* Eventr.app */;
			productType = "com.apple.product-type.application";
		};
		61092219271C36C8005B9436 /* EventrTests */ = {
			isa = PBXNativeTarget;
			buildConfigurationList = 61092231271C36C8005B9436 /* Build configuration list for PBXNativeTarget "EventrTests" */;
			buildPhases = (
				61092216271C36C8005B9436 /* Sources */,
				61092217271C36C8005B9436 /* Frameworks */,
				61092218271C36C8005B9436 /* Resources */,
			);
			buildRules = (
			);
			dependencies = (
				6109221C271C36C8005B9436 /* PBXTargetDependency */,
			);
			name = EventrTests;
			productName = EventrTests;
			productReference = 6109221A271C36C8005B9436 /* EventrTests.xctest */;
			productType = "com.apple.product-type.bundle.unit-test";
		};
		61092224271C36C8005B9436 /* EventrUITests */ = {
			isa = PBXNativeTarget;
			buildConfigurationList = 61092234271C36C8005B9436 /* Build configuration list for PBXNativeTarget "EventrUITests" */;
			buildPhases = (
				61092221271C36C8005B9436 /* Sources */,
				61092222271C36C8005B9436 /* Frameworks */,
				61092223271C36C8005B9436 /* Resources */,
			);
			buildRules = (
			);
			dependencies = (
				61092227271C36C8005B9436 /* PBXTargetDependency */,
			);
			name = EventrUITests;
			productName = EventrUITests;
			productReference = 61092225271C36C8005B9436 /* EventrUITests.xctest */;
			productType = "com.apple.product-type.bundle.ui-testing";
		};
/* End PBXNativeTarget section */

/* Begin PBXProject section */
		610921FC271C36C5005B9436 /* Project object */ = {
			isa = PBXProject;
			attributes = {
				LastSwiftUpdateCheck = 1240;
				LastUpgradeCheck = 1240;
				TargetAttributes = {
					61092203271C36C6005B9436 = {
						CreatedOnToolsVersion = 12.4;
					};
					61092219271C36C8005B9436 = {
						CreatedOnToolsVersion = 12.4;
						TestTargetID = 61092203271C36C6005B9436;
					};
					61092224271C36C8005B9436 = {
						CreatedOnToolsVersion = 12.4;
						TestTargetID = 61092203271C36C6005B9436;
					};
				};
			};
			buildConfigurationList = 610921FF271C36C5005B9436 /* Build configuration list for PBXProject "Eventr" */;
			compatibilityVersion = "Xcode 9.3";
			developmentRegion = en;
			hasScannedForEncodings = 0;
			knownRegions = (
				en,
				Base,
			);
			mainGroup = 610921FB271C36C5005B9436;
			productRefGroup = 61092205271C36C6005B9436 /* Products */;
			projectDirPath = "";
			projectRoot = "";
			targets = (
				61092203271C36C6005B9436 /* Eventr */,
				61092219271C36C8005B9436 /* EventrTests */,
				61092224271C36C8005B9436 /* EventrUITests */,
			);
		};
/* End PBXProject section */

/* Begin PBXResourcesBuildPhase section */
		61092202271C36C6005B9436 /* Resources */ = {
			isa = PBXResourcesBuildPhase;
			buildActionMask = 2147483647;
			files = (
				61092214271C36C8005B9436 /* LaunchScreen.storyboard in Resources */,
				61092211271C36C8005B9436 /* Assets.xcassets in Resources */,
				6109220F271C36C6005B9436 /* Main.storyboard in Resources */,
			);
			runOnlyForDeploymentPostprocessing = 0;
		};
		61092218271C36C8005B9436 /* Resources */ = {
			isa = PBXResourcesBuildPhase;
			buildActionMask = 2147483647;
			files = (
			);
			runOnlyForDeploymentPostprocessing = 0;
		};
		61092223271C36C8005B9436 /* Resources */ = {
			isa = PBXResourcesBuildPhase;
			buildActionMask = 2147483647;
			files = (
			);
			runOnlyForDeploymentPostprocessing = 0;
		};
/* End PBXResourcesBuildPhase section */

/* Begin PBXSourcesBuildPhase section */
		61092200271C36C6005B9436 /* Sources */ = {
			isa = PBXSourcesBuildPhase;
			buildActionMask = 2147483647;
			files = (
				6109220C271C36C6005B9436 /* ViewController.swift in Sources */,
				61092208271C36C6005B9436 /* AppDelegate.swift in Sources */,
				6109220A271C36C6005B9436 /* SceneDelegate.swift in Sources */,
			);
			runOnlyForDeploymentPostprocessing = 0;
		};
		61092216271C36C8005B9436 /* Sources */ = {
			isa = PBXSourcesBuildPhase;
			buildActionMask = 2147483647;
			files = (
				6109221F271C36C8005B9436 /* EventrTests.swift in Sources */,
			);
			runOnlyForDeploymentPostprocessing = 0;
		};
		61092221271C36C8005B9436 /* Sources */ = {
			isa = PBXSourcesBuildPhase;
			buildActionMask = 2147483647;
			files = (
				6109222A271C36C8005B9436 /* EventrUITests.swift in Sources */,
			);
			runOnlyForDeploymentPostprocessing = 0;
		};
/* End PBXSourcesBuildPhase section */

/* Begin PBXTargetDependency section */
		6109221C271C36C8005B9436 /* PBXTargetDependency */ = {
			isa = PBXTargetDependency;
			target = 61092203271C36C6005B9436 /* Eventr */;
			targetProxy = 6109221B271C36C8005B9436 /* PBXContainerItemProxy */;
		};
		61092227271C36C8005B9436 /* PBXTargetDependency */ = {
			isa = PBXTargetDependency;
			target = 61092203271C36C6005B9436 /* Eventr */;
			targetProxy = 61092226271C36C8005B9436 /* PBXContainerItemProxy */;
		};
/* End PBXTargetDependency section */

/* Begin PBXVariantGroup section */
		6109220D271C36C6005B9436 /* Main.storyboard */ = {
			isa = PBXVariantGroup;
			children = (
				6109220E271C36C6005B9436 /* Base */,
			);
			name = Main.storyboard;
			sourceTree = "<group>";
		};
		61092212271C36C8005B9436 /* LaunchScreen.storyboard */ = {
			isa = PBXVariantGroup;
			children = (
				61092213271C36C8005B9436 /* Base */,
			);
			name = LaunchScreen.storyboard;
			sourceTree = "<group>";
		};
/* End PBXVariantGroup section */

/* Begin XCBuildConfiguration section */
		6109222C271C36C8005B9436 /* Debug */ = {
			isa = XCBuildConfiguration;
			buildSettings = {
				ALWAYS_SEARCH_USER_PATHS = NO;
				CLANG_ANALYZER_NONNULL = YES;
				CLANG_ANALYZER_NUMBER_OBJECT_CONVERSION = YES_AGGRESSIVE;
				CLANG_CXX_LANGUAGE_STANDARD = "gnu++14";
				CLANG_CXX_LIBRARY = "libc++";
				CLANG_ENABLE_MODULES = YES;
				CLANG_ENABLE_OBJC_ARC = YES;
				CLANG_ENABLE_OBJC_WEAK = YES;
				CLANG_WARN_BLOCK_CAPTURE_AUTORELEASING = YES;
				CLANG_WARN_BOOL_CONVERSION = YES;
				CLANG_WARN_COMMA = YES;
				CLANG_WARN_CONSTANT_CONVERSION = YES;
				CLANG_WARN_DEPRECATED_OBJC_IMPLEMENTATIONS = YES;
				CLANG_WARN_DIRECT_OBJC_ISA_USAGE = YES_ERROR;
				CLANG_WARN_DOCUMENTATION_COMMENTS = YES;
				CLANG_WARN_EMPTY_BODY = YES;
				CLANG_WARN_ENUM_CONVERSION = YES;
				CLANG_WARN_INFINITE_RECURSION = YES;
				CLANG_WARN_INT_CONVERSION = YES;
				CLANG_WARN_NON_LITERAL_NULL_CONVERSION = YES;
				CLANG_WARN_OBJC_IMPLICIT_RETAIN_SELF = YES;
				CLANG_WARN_OBJC_LITERAL_CONVERSION = YES;
				CLANG_WARN_OBJC_ROOT_CLASS = YES_ERROR;
				CLANG_WARN_QUOTED_INCLUDE_IN_FRAMEWORK_HEADER = YES;
				CLANG_WARN_RANGE_LOOP_ANALYSIS = YES;
				CLANG_WARN_STRICT_PROTOTYPES = YES;
				CLANG_WARN_SUSPICIOUS_MOVE = YES;
				CLANG_WARN_UNGUARDED_AVAILABILITY = YES_AGGRESSIVE;
				CLANG_WARN_UNREACHABLE_CODE = YES;
				CLANG_WARN__DUPLICATE_METHOD_MATCH = YES;
				COPY_PHASE_STRIP = NO;
				DEBUG_INFORMATION_FORMAT = dwarf;
				ENABLE_STRICT_OBJC_MSGSEND = YES;
				ENABLE_TESTABILITY = YES;
				GCC_C_LANGUAGE_STANDARD = gnu11;
				GCC_DYNAMIC_NO_PIC = NO;
				GCC_NO_COMMON_BLOCKS = YES;
				GCC_OPTIMIZATION_LEVEL = 0;
				GCC_PREPROCESSOR_DEFINITIONS = (
					"DEBUG=1",
					"$(inherited)",
				);
				GCC_WARN_64_TO_32_BIT_CONVERSION = YES;
				GCC_WARN_ABOUT_RETURN_TYPE = YES_ERROR;
				GCC_WARN_UNDECLARED_SELECTOR = YES;
				GCC_WARN_UNINITIALIZED_AUTOS = YES_AGGRESSIVE;
				GCC_WARN_UNUSED_FUNCTION = YES;
				GCC_WARN_UNUSED_VARIABLE = YES;
				IPHONEOS_DEPLOYMENT_TARGET = 14.4;
				MTL_ENABLE_DEBUG_INFO = INCLUDE_SOURCE;
				MTL_FAST_MATH = YES;
				ONLY_ACTIVE_ARCH = YES;
				SDKROOT = iphoneos;
				SWIFT_ACTIVE_COMPILATION_CONDITIONS = DEBUG;
				SWIFT_OPTIMIZATION_LEVEL = "-Onone";
			};
			name = Debug;
		};
		6109222D271C36C8005B9436 /* Release */ = {
			isa = XCBuildConfiguration;
			buildSettings = {
				ALWAYS_SEARCH_USER_PATHS = NO;
				CLANG_ANALYZER_NONNULL = YES;
				CLANG_ANALYZER_NUMBER_OBJECT_CONVERSION = YES_AGGRESSIVE;
				CLANG_CXX_LANGUAGE_STANDARD = "gnu++14";
				CLANG_CXX_LIBRARY = "libc++";
				CLANG_ENABLE_MODULES = YES;
				CLANG_ENABLE_OBJC_ARC = YES;
				CLANG_ENABLE_OBJC_WEAK = YES;
				CLANG_WARN_BLOCK_CAPTURE_AUTORELEASING = YES;
				CLANG_WARN_BOOL_CONVERSION = YES;
				CLANG_WARN_COMMA = YES;
				CLANG_WARN_CONSTANT_CONVERSION = YES;
				CLANG_WARN_DEPRECATED_OBJC_IMPLEMENTATIONS = YES;
				CLANG_WARN_DIRECT_OBJC_ISA_USAGE = YES_ERROR;
				CLANG_WARN_DOCUMENTATION_COMMENTS = YES;
				CLANG_WARN_EMPTY_BODY = YES;
				CLANG_WARN_ENUM_CONVERSION = YES;
				CLANG_WARN_INFINITE_RECURSION = YES;
				CLANG_WARN_INT_CONVERSION = YES;
				CLANG_WARN_NON_LITERAL_NULL_CONVERSION = YES;
				CLANG_WARN_OBJC_IMPLICIT_RETAIN_SELF = YES;
				CLANG_WARN_OBJC_LITERAL_CONVERSION = YES;
				CLANG_WARN_OBJC_ROOT_CLASS = YES_ERROR;
				CLANG_WARN_QUOTED_INCLUDE_IN_FRAMEWORK_HEADER = YES;
				CLANG_WARN_RANGE_LOOP_ANALYSIS = YES;
				CLANG_WARN_STRICT_PROTOTYPES = YES;
				CLANG_WARN_SUSPICIOUS_MOVE = YES;
				CLANG_WARN_UNGUARDED_AVAILABILITY = YES_AGGRESSIVE;
				CLANG_WARN_UNREACHABLE_CODE = YES;
				CLANG_WARN__DUPLICATE_METHOD_MATCH = YES;
				COPY_PHASE_STRIP = NO;
				DEBUG_INFORMATION_FORMAT = "dwarf-with-dsym";
				ENABLE_NS_ASSERTIONS = NO;
				ENABLE_STRICT_OBJC_MSGSEND = YES;
				GCC_C_LANGUAGE_STANDARD = gnu11;
				GCC_NO_COMMON_BLOCKS = YES;
				GCC_WARN_64_TO_32_BIT_CONVERSION = YES;
				GCC_WARN_ABOUT_RETURN_TYPE = YES_ERROR;
				GCC_WARN_UNDECLARED_SELECTOR = YES;
				GCC_WARN_UNINITIALIZED_AUTOS = YES_AGGRESSIVE;
				GCC_WARN_UNUSED_FUNCTION = YES;
				GCC_WARN_UNUSED_VARIABLE = YES;
				IPHONEOS_DEPLOYMENT_TARGET = 14.4;
				MTL_ENABLE_DEBUG_INFO = NO;
				MTL_FAST_MATH = YES;
				SDKROOT = iphoneos;
				SWIFT_COMPILATION_MODE = wholemodule;
				SWIFT_OPTIMIZATION_LEVEL = "-O";
				VALIDATE_PRODUCT = YES;
			};
			name = Release;
		};
		6109222F271C36C8005B9436 /* Debug */ = {
			isa = XCBuildConfiguration;
			buildSettings = {
				ASSETCATALOG_COMPILER_APPICON_NAME = AppIcon;
				ASSETCATALOG_COMPILER_GLOBAL_ACCENT_COLOR_NAME = AccentColor;
				CODE_SIGN_STYLE = Automatic;
				DEVELOPMENT_TEAM = ZG25RVL48D;
				INFOPLIST_FILE = Eventr/Info.plist;
				LD_RUNPATH_SEARCH_PATHS = (
					"$(inherited)",
					"@executable_path/Frameworks",
				);
				PRODUCT_BUNDLE_IDENTIFIER = com.fivepastdeadline.Eventr;
				PRODUCT_NAME = "$(TARGET_NAME)";
				SWIFT_VERSION = 5.0;
				TARGETED_DEVICE_FAMILY = "1,2";
			};
			name = Debug;
		};
		61092230271C36C8005B9436 /* Release */ = {
			isa = XCBuildConfiguration;
			buildSettings = {
				ASSETCATALOG_COMPILER_APPICON_NAME = AppIcon;
				ASSETCATALOG_COMPILER_GLOBAL_ACCENT_COLOR_NAME = AccentColor;
				CODE_SIGN_STYLE = Automatic;
				DEVELOPMENT_TEAM = ZG25RVL48D;
				INFOPLIST_FILE = Eventr/Info.plist;
				LD_RUNPATH_SEARCH_PATHS = (
					"$(inherited)",
					"@executable_path/Frameworks",
				);
				PRODUCT_BUNDLE_IDENTIFIER = com.fivepastdeadline.Eventr;
				PRODUCT_NAME = "$(TARGET_NAME)";
				SWIFT_VERSION = 5.0;
				TARGETED_DEVICE_FAMILY = "1,2";
			};
			name = Release;
		};
		61092232271C36C8005B9436 /* Debug */ = {
			isa = XCBuildConfiguration;
			buildSettings = {
				ALWAYS_EMBED_SWIFT_STANDARD_LIBRARIES = YES;
				BUNDLE_LOADER = "$(TEST_HOST)";
				CODE_SIGN_STYLE = Automatic;
				DEVELOPMENT_TEAM = ZG25RVL48D;
				INFOPLIST_FILE = EventrTests/Info.plist;
				IPHONEOS_DEPLOYMENT_TARGET = 14.4;
				LD_RUNPATH_SEARCH_PATHS = (
					"$(inherited)",
					"@executable_path/Frameworks",
					"@loader_path/Frameworks",
				);
				PRODUCT_BUNDLE_IDENTIFIER = com.fivepastdeadline.EventrTests;
				PRODUCT_NAME = "$(TARGET_NAME)";
				SWIFT_VERSION = 5.0;
				TARGETED_DEVICE_FAMILY = "1,2";
				TEST_HOST = "$(BUILT_PRODUCTS_DIR)/Eventr.app/Eventr";
			};
			name = Debug;
		};
		61092233271C36C8005B9436 /* Release */ = {
			isa = XCBuildConfiguration;
			buildSettings = {
				ALWAYS_EMBED_SWIFT_STANDARD_LIBRARIES = YES;
				BUNDLE_LOADER = "$(TEST_HOST)";
				CODE_SIGN_STYLE = Automatic;
				DEVELOPMENT_TEAM = ZG25RVL48D;
				INFOPLIST_FILE = EventrTests/Info.plist;
				IPHONEOS_DEPLOYMENT_TARGET = 14.4;
				LD_RUNPATH_SEARCH_PATHS = (
					"$(inherited)",
					"@executable_path/Frameworks",
					"@loader_path/Frameworks",
				);
				PRODUCT_BUNDLE_IDENTIFIER = com.fivepastdeadline.EventrTests;
				PRODUCT_NAME = "$(TARGET_NAME)";
				SWIFT_VERSION = 5.0;
				TARGETED_DEVICE_FAMILY = "1,2";
				TEST_HOST = "$(BUILT_PRODUCTS_DIR)/Eventr.app/Eventr";
			};
			name = Release;
		};
		61092235271C36C8005B9436 /* Debug */ = {
			isa = XCBuildConfiguration;
			buildSettings = {
				ALWAYS_EMBED_SWIFT_STANDARD_LIBRARIES = YES;
				CODE_SIGN_STYLE = Automatic;
				DEVELOPMENT_TEAM = ZG25RVL48D;
				INFOPLIST_FILE = EventrUITests/Info.plist;
				LD_RUNPATH_SEARCH_PATHS = (
					"$(inherited)",
					"@executable_path/Frameworks",
					"@loader_path/Frameworks",
				);
				PRODUCT_BUNDLE_IDENTIFIER = com.fivepastdeadline.EventrUITests;
				PRODUCT_NAME = "$(TARGET_NAME)";
				SWIFT_VERSION = 5.0;
				TARGETED_DEVICE_FAMILY = "1,2";
				TEST_TARGET_NAME = Eventr;
			};
			name = Debug;
		};
		61092236271C36C8005B9436 /* Release */ = {
			isa = XCBuildConfiguration;
			buildSettings = {
				ALWAYS_EMBED_SWIFT_STANDARD_LIBRARIES = YES;
				CODE_SIGN_STYLE = Automatic;
				DEVELOPMENT_TEAM = ZG25RVL48D;
				INFOPLIST_FILE = EventrUITests/Info.plist;
				LD_RUNPATH_SEARCH_PATHS = (
					"$(inherited)",
					"@executable_path/Frameworks",
					"@loader_path/Frameworks",
				);
				PRODUCT_BUNDLE_IDENTIFIER = com.fivepastdeadline.EventrUITests;
				PRODUCT_NAME = "$(TARGET_NAME)";
				SWIFT_VERSION = 5.0;
				TARGETED_DEVICE_FAMILY = "1,2";
				TEST_TARGET_NAME = Eventr;
			};
			name = Release;
		};
/* End XCBuildConfiguration section */

/* Begin XCConfigurationList section */
		610921FF271C36C5005B9436 /* Build configuration list for PBXProject "Eventr" */ = {
			isa = XCConfigurationList;
			buildConfigurations = (
				6109222C271C36C8005B9436 /* Debug */,
				6109222D271C36C8005B9436 /* Release */,
			);
			defaultConfigurationIsVisible = 0;
			defaultConfigurationName = Release;
		};
		6109222E271C36C8005B9436 /* Build configuration list for PBXNativeTarget "Eventr" */ = {
			isa = XCConfigurationList;
			buildConfigurations = (
				6109222F271C36C8005B9436 /* Debug */,
				61092230271C36C8005B9436 /* Release */,
			);
			defaultConfigurationIsVisible = 0;
			defaultConfigurationName = Release;
		};
		61092231271C36C8005B9436 /* Build configuration list for PBXNativeTarget "EventrTests" */ = {
			isa = XCConfigurationList;
			buildConfigurations = (
				61092232271C36C8005B9436 /* Debug */,
				61092233271C36C8005B9436 /* Release */,
			);
			defaultConfigurationIsVisible = 0;
			defaultConfigurationName = Release;
		};
		61092234271C36C8005B9436 /* Build configuration list for PBXNativeTarget "EventrUITests" */ = {
			isa = XCConfigurationList;
			buildConfigurations = (
				61092235271C36C8005B9436 /* Debug */,
				61092236271C36C8005B9436 /* Release */,
			);
			defaultConfigurationIsVisible = 0;
			defaultConfigurationName = Release;
		};
/* End XCConfigurationList section */
	};
	rootObject = 610921FC271C36C5005B9436 /* Project object */;
}
